# This file is automatically @generated by Poetry 1.5.1 and should not be changed by hand.

[[package]]
name = "diskannpy"
version = "0.6.1"
description = "DiskANN Python extension module"
optional = false
python-versions = ">=3.9"
files = [
    {file = "diskannpy-0.6.1-cp310-cp310-manylinux_2_28_x86_64.whl", hash = "sha256:04a1e126cb042a110f915fb93a91411adae00f14a6f3a05624b97587a7223c75"},
    {file = "diskannpy-0.6.1-cp310-cp310-win_amd64.whl", hash = "sha256:daf4d405d9faa041bf9cd1e9ae136d67f769ae28eb5c282f87a605760aa85d2f"},
    {file = "diskannpy-0.6.1-cp311-cp311-manylinux_2_28_x86_64.whl", hash = "sha256:a48b9e8d8b5a0d875099cd88f41709caf554b8167b24d6216d0b458c6857a905"},
    {file = "diskannpy-0.6.1-cp311-cp311-win_amd64.whl", hash = "sha256:0be2c5edf0ce17ea8eaea286832c1f54901da46ea8d11965ce859a0850b17293"},
    {file = "diskannpy-0.6.1-cp39-cp39-manylinux_2_28_x86_64.whl", hash = "sha256:fc507deea95d41f20cf63d3e9157079736d9faf688e6d86331253b4c48a8b70e"},
    {file = "diskannpy-0.6.1-cp39-cp39-win_amd64.whl", hash = "sha256:bfdb5793cf600aea4d72504092177cc66bee13f11ddca6a0aedbe84ca76d149a"},
]

[package.dependencies]
numpy = "1.25"

[package.extras]
dev = ["black", "isort", "mypy"]

[[package]]
name = "faiss-cpu"
version = "1.7.4"
description = "A library for efficient similarity search and clustering of dense vectors."
optional = false
python-versions = "*"
files = [
    {file = "faiss-cpu-1.7.4.tar.gz", hash = "sha256:265dc31b0c079bf4433303bf6010f73922490adff9188b915e2d3f5e9c82dd0a"},
    {file = "faiss_cpu-1.7.4-cp310-cp310-macosx_10_9_x86_64.whl", hash = "sha256:50d4ebe7f1869483751c558558504f818980292a9b55be36f9a1ee1009d9a686"},
    {file = "faiss_cpu-1.7.4-cp310-cp310-macosx_11_0_arm64.whl", hash = "sha256:7b1db7fae7bd8312aeedd0c41536bcd19a6e297229e1dce526bde3a73ab8c0b5"},
    {file = "faiss_cpu-1.7.4-cp310-cp310-manylinux_2_17_aarch64.manylinux2014_aarch64.whl", hash = "sha256:17b7fa7194a228a84929d9e6619d0e7dbf00cc0f717e3462253766f5e3d07de8"},
    {file = "faiss_cpu-1.7.4-cp310-cp310-manylinux_2_17_x86_64.manylinux2014_x86_64.whl", hash = "sha256:dca531952a2e3eac56f479ff22951af4715ee44788a3fe991d208d766d3f95f3"},
    {file = "faiss_cpu-1.7.4-cp310-cp310-win_amd64.whl", hash = "sha256:7173081d605e74766f950f2e3d6568a6f00c53f32fd9318063e96728c6c62821"},
    {file = "faiss_cpu-1.7.4-cp311-cp311-macosx_10_9_x86_64.whl", hash = "sha256:d0bbd6f55d7940cc0692f79e32a58c66106c3c950cee2341b05722de9da23ea3"},
    {file = "faiss_cpu-1.7.4-cp311-cp311-macosx_11_0_arm64.whl", hash = "sha256:e13c14280376100f143767d0efe47dcb32618f69e62bbd3ea5cd38c2e1755926"},
    {file = "faiss_cpu-1.7.4-cp311-cp311-manylinux_2_17_aarch64.manylinux2014_aarch64.whl", hash = "sha256:c521cb8462f3b00c0c7dfb11caff492bb67816528b947be28a3b76373952c41d"},
    {file = "faiss_cpu-1.7.4-cp311-cp311-manylinux_2_17_x86_64.manylinux2014_x86_64.whl", hash = "sha256:afdd9fe1141117fed85961fd36ee627c83fc3b9fd47bafb52d3c849cc2f088b7"},
    {file = "faiss_cpu-1.7.4-cp311-cp311-win_amd64.whl", hash = "sha256:2ff7f57889ea31d945e3b87275be3cad5d55b6261a4e3f51c7aba304d76b81fb"},
    {file = "faiss_cpu-1.7.4-cp37-cp37m-macosx_10_9_x86_64.whl", hash = "sha256:eeaf92f27d76249fb53c1adafe617b0f217ab65837acf7b4ec818511caf6e3d8"},
    {file = "faiss_cpu-1.7.4-cp37-cp37m-manylinux_2_17_aarch64.manylinux2014_aarch64.whl", hash = "sha256:102b1bd763e9b0c281ac312590af3eaf1c8b663ccbc1145821fe6a9f92b8eaaf"},
    {file = "faiss_cpu-1.7.4-cp37-cp37m-manylinux_2_17_x86_64.manylinux2014_x86_64.whl", hash = "sha256:5512da6707c967310c46ff712b00418b7ae28e93cb609726136e826e9f2f14fa"},
    {file = "faiss_cpu-1.7.4-cp37-cp37m-win_amd64.whl", hash = "sha256:0c2e5b9d8c28c99f990e87379d5bbcc6c914da91ebb4250166864fd12db5755b"},
    {file = "faiss_cpu-1.7.4-cp38-cp38-macosx_10_9_x86_64.whl", hash = "sha256:43f67f325393145d360171cd98786fcea6120ce50397319afd3bb78be409fb8a"},
    {file = "faiss_cpu-1.7.4-cp38-cp38-macosx_11_0_arm64.whl", hash = "sha256:6a4e4af194b8fce74c4b770cad67ad1dd1b4673677fc169723e4c50ba5bd97a8"},
    {file = "faiss_cpu-1.7.4-cp38-cp38-manylinux_2_17_aarch64.manylinux2014_aarch64.whl", hash = "sha256:31bfb7b9cffc36897ae02a983e04c09fe3b8c053110a287134751a115334a1df"},
    {file = "faiss_cpu-1.7.4-cp38-cp38-manylinux_2_17_x86_64.manylinux2014_x86_64.whl", hash = "sha256:52d7de96abef2340c0d373c1f5cbc78026a3cebb0f8f3a5920920a00210ead1f"},
    {file = "faiss_cpu-1.7.4-cp38-cp38-win_amd64.whl", hash = "sha256:699feef85b23c2c729d794e26ca69bebc0bee920d676028c06fd0e0becc15c7e"},
    {file = "faiss_cpu-1.7.4-cp39-cp39-macosx_10_9_x86_64.whl", hash = "sha256:559a0133f5ed44422acb09ee1ac0acffd90c6666d1bc0d671c18f6e93ad603e2"},
    {file = "faiss_cpu-1.7.4-cp39-cp39-macosx_11_0_arm64.whl", hash = "sha256:ea1d71539fe3dc0f1bed41ef954ca701678776f231046bf0ca22ccea5cf5bef6"},
    {file = "faiss_cpu-1.7.4-cp39-cp39-manylinux_2_17_aarch64.manylinux2014_aarch64.whl", hash = "sha256:12d45e0157024eb3249842163162983a1ac8b458f1a8b17bbf86f01be4585a99"},
    {file = "faiss_cpu-1.7.4-cp39-cp39-manylinux_2_17_x86_64.manylinux2014_x86_64.whl", hash = "sha256:2f0eab359e066d32c874f51a7d4bf6440edeec068b7fe47e6d803c73605a8b4c"},
    {file = "faiss_cpu-1.7.4-cp39-cp39-win_amd64.whl", hash = "sha256:98459ceeeb735b9df1a5b94572106ffe0a6ce740eb7e4626715dd218657bb4dc"},
]

[[package]]
name = "hnswlib"
version = "0.7.0"
description = "hnswlib"
optional = false
python-versions = "*"
files = [
    {file = "hnswlib-0.7.0.tar.gz", hash = "sha256:bc459668e7e44bb7454b256b90c98c5af750653919d9a91698dafcf416cf64c4"},
]

[package.dependencies]
numpy = "*"

[[package]]
name = "numpy"
version = "1.25.0"
description = "Fundamental package for array computing in Python"
optional = false
python-versions = ">=3.9"
files = [
    {file = "numpy-1.25.0-cp310-cp310-macosx_10_9_x86_64.whl", hash = "sha256:8aa130c3042052d656751df5e81f6d61edff3e289b5994edcf77f54118a8d9f4"},
    {file = "numpy-1.25.0-cp310-cp310-macosx_11_0_arm64.whl", hash = "sha256:9e3f2b96e3b63c978bc29daaa3700c028fe3f049ea3031b58aa33fe2a5809d24"},
    {file = "numpy-1.25.0-cp310-cp310-manylinux_2_17_aarch64.manylinux2014_aarch64.whl", hash = "sha256:d6b267f349a99d3908b56645eebf340cb58f01bd1e773b4eea1a905b3f0e4208"},
    {file = "numpy-1.25.0-cp310-cp310-manylinux_2_17_x86_64.manylinux2014_x86_64.whl", hash = "sha256:4aedd08f15d3045a4e9c648f1e04daca2ab1044256959f1f95aafeeb3d794c16"},
    {file = "numpy-1.25.0-cp310-cp310-musllinux_1_1_x86_64.whl", hash = "sha256:6d183b5c58513f74225c376643234c369468e02947b47942eacbb23c1671f25d"},
    {file = "numpy-1.25.0-cp310-cp310-win32.whl", hash = "sha256:d76a84998c51b8b68b40448ddd02bd1081bb33abcdc28beee6cd284fe11036c6"},
    {file = "numpy-1.25.0-cp310-cp310-win_amd64.whl", hash = "sha256:c0dc071017bc00abb7d7201bac06fa80333c6314477b3d10b52b58fa6a6e38f6"},
    {file = "numpy-1.25.0-cp311-cp311-macosx_10_9_x86_64.whl", hash = "sha256:4c69fe5f05eea336b7a740e114dec995e2f927003c30702d896892403df6dbf0"},
    {file = "numpy-1.25.0-cp311-cp311-macosx_11_0_arm64.whl", hash = "sha256:9c7211d7920b97aeca7b3773a6783492b5b93baba39e7c36054f6e749fc7490c"},
    {file = "numpy-1.25.0-cp311-cp311-manylinux_2_17_aarch64.manylinux2014_aarch64.whl", hash = "sha256:ecc68f11404930e9c7ecfc937aa423e1e50158317bf67ca91736a9864eae0232"},
    {file = "numpy-1.25.0-cp311-cp311-manylinux_2_17_x86_64.manylinux2014_x86_64.whl", hash = "sha256:e559c6afbca484072a98a51b6fa466aae785cfe89b69e8b856c3191bc8872a82"},
    {file = "numpy-1.25.0-cp311-cp311-musllinux_1_1_x86_64.whl", hash = "sha256:6c284907e37f5e04d2412950960894b143a648dea3f79290757eb878b91acbd1"},
    {file = "numpy-1.25.0-cp311-cp311-win32.whl", hash = "sha256:95367ccd88c07af21b379be1725b5322362bb83679d36691f124a16357390153"},
    {file = "numpy-1.25.0-cp311-cp311-win_amd64.whl", hash = "sha256:b76aa836a952059d70a2788a2d98cb2a533ccd46222558b6970348939e55fc24"},
    {file = "numpy-1.25.0-cp39-cp39-macosx_10_9_x86_64.whl", hash = "sha256:b792164e539d99d93e4e5e09ae10f8cbe5466de7d759fc155e075237e0c274e4"},
    {file = "numpy-1.25.0-cp39-cp39-macosx_11_0_arm64.whl", hash = "sha256:7cd981ccc0afe49b9883f14761bb57c964df71124dcd155b0cba2b591f0d64b9"},
    {file = "numpy-1.25.0-cp39-cp39-manylinux_2_17_aarch64.manylinux2014_aarch64.whl", hash = "sha256:5aa48bebfb41f93043a796128854b84407d4df730d3fb6e5dc36402f5cd594c0"},
    {file = "numpy-1.25.0-cp39-cp39-manylinux_2_17_x86_64.manylinux2014_x86_64.whl", hash = "sha256:5177310ac2e63d6603f659fadc1e7bab33dd5a8db4e0596df34214eeab0fee3b"},
    {file = "numpy-1.25.0-cp39-cp39-musllinux_1_1_x86_64.whl", hash = "sha256:0ac6edfb35d2a99aaf102b509c8e9319c499ebd4978df4971b94419a116d0790"},
    {file = "numpy-1.25.0-cp39-cp39-win32.whl", hash = "sha256:7412125b4f18aeddca2ecd7219ea2d2708f697943e6f624be41aa5f8a9852cc4"},
    {file = "numpy-1.25.0-cp39-cp39-win_amd64.whl", hash = "sha256:26815c6c8498dc49d81faa76d61078c4f9f0859ce7817919021b9eba72b425e3"},
    {file = "numpy-1.25.0-pp39-pypy39_pp73-macosx_10_9_x86_64.whl", hash = "sha256:5b1b90860bf7d8a8c313b372d4f27343a54f415b20fb69dd601b7efe1029c91e"},
    {file = "numpy-1.25.0-pp39-pypy39_pp73-manylinux_2_17_x86_64.manylinux2014_x86_64.whl", hash = "sha256:85cdae87d8c136fd4da4dad1e48064d700f63e923d5af6c8c782ac0df8044542"},
    {file = "numpy-1.25.0-pp39-pypy39_pp73-win_amd64.whl", hash = "sha256:cc3fda2b36482891db1060f00f881c77f9423eead4c3579629940a3e12095fe8"},
    {file = "numpy-1.25.0.tar.gz", hash = "sha256:f1accae9a28dc3cda46a91de86acf69de0d1b5f4edd44a9b0c3ceb8036dfff19"},
]

[[package]]
name = "psutil"
version = "5.9.5"
description = "Cross-platform lib for process and system monitoring in Python."
optional = false
python-versions = ">=2.7, !=3.0.*, !=3.1.*, !=3.2.*, !=3.3.*"
files = [
    {file = "psutil-5.9.5-cp27-cp27m-macosx_10_9_x86_64.whl", hash = "sha256:be8929ce4313f9f8146caad4272f6abb8bf99fc6cf59344a3167ecd74f4f203f"},
    {file = "psutil-5.9.5-cp27-cp27m-manylinux2010_i686.whl", hash = "sha256:ab8ed1a1d77c95453db1ae00a3f9c50227ebd955437bcf2a574ba8adbf6a74d5"},
    {file = "psutil-5.9.5-cp27-cp27m-manylinux2010_x86_64.whl", hash = "sha256:4aef137f3345082a3d3232187aeb4ac4ef959ba3d7c10c33dd73763fbc063da4"},
    {file = "psutil-5.9.5-cp27-cp27mu-manylinux2010_i686.whl", hash = "sha256:ea8518d152174e1249c4f2a1c89e3e6065941df2fa13a1ab45327716a23c2b48"},
    {file = "psutil-5.9.5-cp27-cp27mu-manylinux2010_x86_64.whl", hash = "sha256:acf2aef9391710afded549ff602b5887d7a2349831ae4c26be7c807c0a39fac4"},
    {file = "psutil-5.9.5-cp27-none-win32.whl", hash = "sha256:5b9b8cb93f507e8dbaf22af6a2fd0ccbe8244bf30b1baad6b3954e935157ae3f"},
    {file = "psutil-5.9.5-cp27-none-win_amd64.whl", hash = "sha256:8c5f7c5a052d1d567db4ddd231a9d27a74e8e4a9c3f44b1032762bd7b9fdcd42"},
    {file = "psutil-5.9.5-cp36-abi3-macosx_10_9_x86_64.whl", hash = "sha256:3c6f686f4225553615612f6d9bc21f1c0e305f75d7d8454f9b46e901778e7217"},
    {file = "psutil-5.9.5-cp36-abi3-manylinux_2_12_i686.manylinux2010_i686.manylinux_2_17_i686.manylinux2014_i686.whl", hash = "sha256:7a7dd9997128a0d928ed4fb2c2d57e5102bb6089027939f3b722f3a210f9a8da"},
    {file = "psutil-5.9.5-cp36-abi3-manylinux_2_12_x86_64.manylinux2010_x86_64.manylinux_2_17_x86_64.manylinux2014_x86_64.whl", hash = "sha256:89518112647f1276b03ca97b65cc7f64ca587b1eb0278383017c2a0dcc26cbe4"},
    {file = "psutil-5.9.5-cp36-abi3-win32.whl", hash = "sha256:104a5cc0e31baa2bcf67900be36acde157756b9c44017b86b2c049f11957887d"},
    {file = "psutil-5.9.5-cp36-abi3-win_amd64.whl", hash = "sha256:b258c0c1c9d145a1d5ceffab1134441c4c5113b2417fafff7315a917a026c3c9"},
    {file = "psutil-5.9.5-cp38-abi3-macosx_11_0_arm64.whl", hash = "sha256:c607bb3b57dc779d55e1554846352b4e358c10fff3abf3514a7a6601beebdb30"},
    {file = "psutil-5.9.5.tar.gz", hash = "sha256:5410638e4df39c54d957fc51ce03048acd8e6d60abc0f5107af51e5fb566eb3c"},
]

[package.extras]
test = ["enum34", "ipaddress", "mock", "pywin32", "wmi"]

[metadata]
lock-version = "2.0"
python-versions = "^3.10"
content-hash = "00b7fd2286871f097cc47d7d3bdb41c5deb2f0485397451a4cff838e891d2304"
